
Microsoft Visual Studio Solution File, Format Version 12.00
# Visual Studio 15
VisualStudioVersion = 15.0.28307.1500
MinimumVisualStudioVersion = 10.0.40219.1
Project("{8BC9CEB8-8B4A-11D0-8D11-00A0C91BC942}") = "Knapsack", "Knapsack\Knapsack.vcxproj", "{EF077182-0F0C-4762-A152-63C9EBAE9A92}"
EndProject
Global
	GlobalSection(SolutionConfigurationPlatforms) = preSolution
		Debug|x64 = Debug|x64
		Debug|x86 = Debug|x86
		Release|x64 = Release|x64
		Release|x86 = Release|x86
	EndGlobalSection
	GlobalSection(ProjectConfigurationPlatforms) = postSolution
		{EF077182-0F0C-4762-A152-63C9EBAE9A92}.Debug|x64.ActiveCfg = Debug|x64
		{EF077182-0F0C-4762-A152-63C9EBAE9A92}.Debug|x64.Build.0 = Debug|x64
		{EF077182-0F0C-4762-A152-63C9EBAE9A92}.Debug|x86.ActiveCfg = Debug|Win32
		{EF077182-0F0C-4762-A152-63C9EBAE9A92}.Debug|x86.Build.0 = Debug|Win32
		{EF077182-0F0C-4762-A152-63C9EBAE9A92}.Release|x64.ActiveCfg = Release|x64
		{EF077182-0F0C-4762-A152-63C9EBAE9A92}.Release|x64.Build.0 = Release|x64
		{EF077182-0F0C-4762-A152-63C9EBAE9A92}.Release|x86.ActiveCfg = Release|Win32
		{EF077182-0F0C-4762-A152-63C9EBAE9A92}.Release|x86.Build.0 = Release|Win32
	EndGlobalSection
	GlobalSection(SolutionProperties) = preSolution
		HideSolutionNode = FALSE
	EndGlobalSection
	GlobalSection(ExtensibilityGlobals) = postSolution
		SolutionGuid = {FDAE9FAA-00EA-43A1-82D2-E19F4620E99E}
	EndGlobalSection
EndGlobal
