
Microsoft Visual Studio Solution File, Format Version 12.00
# Visual Studio 15
VisualStudioVersion = 15.0.28307.1500
MinimumVisualStudioVersion = 10.0.40219.1
Project("{8BC9CEB8-8B4A-11D0-8D11-00A0C91BC942}") = "Souvenirs", "Souvenirs\Souvenirs.vcxproj", "{ECF9988B-B74A-458E-9706-B5B34610BF93}"
EndProject
Global
	GlobalSection(SolutionConfigurationPlatforms) = preSolution
		Debug|x64 = Debug|x64
		Debug|x86 = Debug|x86
		Release|x64 = Release|x64
		Release|x86 = Release|x86
	EndGlobalSection
	GlobalSection(ProjectConfigurationPlatforms) = postSolution
		{ECF9988B-B74A-458E-9706-B5B34610BF93}.Debug|x64.ActiveCfg = Debug|x64
		{ECF9988B-B74A-458E-9706-B5B34610BF93}.Debug|x64.Build.0 = Debug|x64
		{ECF9988B-B74A-458E-9706-B5B34610BF93}.Debug|x86.ActiveCfg = Debug|Win32
		{ECF9988B-B74A-458E-9706-B5B34610BF93}.Debug|x86.Build.0 = Debug|Win32
		{ECF9988B-B74A-458E-9706-B5B34610BF93}.Release|x64.ActiveCfg = Release|x64
		{ECF9988B-B74A-458E-9706-B5B34610BF93}.Release|x64.Build.0 = Release|x64
		{ECF9988B-B74A-458E-9706-B5B34610BF93}.Release|x86.ActiveCfg = Release|Win32
		{ECF9988B-B74A-458E-9706-B5B34610BF93}.Release|x86.Build.0 = Release|Win32
	EndGlobalSection
	GlobalSection(SolutionProperties) = preSolution
		HideSolutionNode = FALSE
	EndGlobalSection
	GlobalSection(ExtensibilityGlobals) = postSolution
		SolutionGuid = {EA9C814A-36AA-4174-B1AD-1076EB0E08F2}
	EndGlobalSection
EndGlobal
